
Microsoft Visual Studio Solution File, Format Version 12.00
# Visual Studio Version 16
VisualStudioVersion = 16.0.30717.126
MinimumVisualStudioVersion = 10.0.40219.1
Project("{9A19103F-16F7-4668-BE54-9A1E7A4F7556}") = "BlazorMovieRecommendationApp", "BlazorMovieRecommendationApp\BlazorMovieRecommendationApp.csproj", "{FCF295A3-5BB9-46B0-A537-6C30A39DFF48}"
EndProject
Global
	GlobalSection(SolutionConfigurationPlatforms) = preSolution
		Debug|Any CPU = Debug|Any CPU
		Release|Any CPU = Release|Any CPU
	EndGlobalSection
	GlobalSection(ProjectConfigurationPlatforms) = postSolution
		{FCF295A3-5BB9-46B0-A537-6C30A39DFF48}.Debug|Any CPU.ActiveCfg = Debug|Any CPU
		{FCF295A3-5BB9-46B0-A537-6C30A39DFF48}.Debug|Any CPU.Build.0 = Debug|Any CPU
		{FCF295A3-5BB9-46B0-A537-6C30A39DFF48}.Release|Any CPU.ActiveCfg = Release|Any CPU
		{FCF295A3-5BB9-46B0-A537-6C30A39DFF48}.Release|Any CPU.Build.0 = Release|Any CPU
	EndGlobalSection
	GlobalSection(SolutionProperties) = preSolution
		HideSolutionNode = FALSE
	EndGlobalSection
	GlobalSection(ExtensibilityGlobals) = postSolution
		SolutionGuid = {69EA97E6-B3BC-42E5-987D-CA2D5E3BDF50}
	EndGlobalSection
EndGlobal
