
Microsoft Visual Studio Solution File, Format Version 12.00
# Visual Studio Version 16
VisualStudioVersion = 16.0.30626.31
MinimumVisualStudioVersion = 10.0.40219.1
Project("{9A19103F-16F7-4668-BE54-9A1E7A4F7556}") = "ML-TestPredML.Model", "ML-TestPredML.Model\ML-TestPredML.Model.csproj", "{06887E43-D794-44EF-919A-C1522EE31FF0}"
EndProject
Project("{9A19103F-16F7-4668-BE54-9A1E7A4F7556}") = "ML-TestPredML.ConsoleApp", "ML-TestPredML.ConsoleApp\ML-TestPredML.ConsoleApp.csproj", "{13165293-6BBF-4C25-BADA-10338DA03EA1}"
EndProject
Project("{9A19103F-16F7-4668-BE54-9A1E7A4F7556}") = "SearchingMovieMicroservice", "SearchingMovieMicroservice\SearchingMovieMicroservice.csproj", "{0EE6F40F-1C3A-40B3-B08B-8C3DF1E4AF40}"
EndProject
Global
	GlobalSection(SolutionConfigurationPlatforms) = preSolution
		Debug|Any CPU = Debug|Any CPU
		Release|Any CPU = Release|Any CPU
	EndGlobalSection
	GlobalSection(ProjectConfigurationPlatforms) = postSolution
		{06887E43-D794-44EF-919A-C1522EE31FF0}.Debug|Any CPU.ActiveCfg = Debug|Any CPU
		{06887E43-D794-44EF-919A-C1522EE31FF0}.Debug|Any CPU.Build.0 = Debug|Any CPU
		{06887E43-D794-44EF-919A-C1522EE31FF0}.Release|Any CPU.ActiveCfg = Release|Any CPU
		{06887E43-D794-44EF-919A-C1522EE31FF0}.Release|Any CPU.Build.0 = Release|Any CPU
		{13165293-6BBF-4C25-BADA-10338DA03EA1}.Debug|Any CPU.ActiveCfg = Debug|Any CPU
		{13165293-6BBF-4C25-BADA-10338DA03EA1}.Debug|Any CPU.Build.0 = Debug|Any CPU
		{13165293-6BBF-4C25-BADA-10338DA03EA1}.Release|Any CPU.ActiveCfg = Release|Any CPU
		{13165293-6BBF-4C25-BADA-10338DA03EA1}.Release|Any CPU.Build.0 = Release|Any CPU
		{0EE6F40F-1C3A-40B3-B08B-8C3DF1E4AF40}.Debug|Any CPU.ActiveCfg = Debug|Any CPU
		{0EE6F40F-1C3A-40B3-B08B-8C3DF1E4AF40}.Debug|Any CPU.Build.0 = Debug|Any CPU
		{0EE6F40F-1C3A-40B3-B08B-8C3DF1E4AF40}.Release|Any CPU.ActiveCfg = Release|Any CPU
		{0EE6F40F-1C3A-40B3-B08B-8C3DF1E4AF40}.Release|Any CPU.Build.0 = Release|Any CPU
	EndGlobalSection
	GlobalSection(SolutionProperties) = preSolution
		HideSolutionNode = FALSE
	EndGlobalSection
	GlobalSection(ExtensibilityGlobals) = postSolution
		SolutionGuid = {35926323-DC9B-44AE-8E05-AF5EE43CABD8}
	EndGlobalSection
EndGlobal
